
Microsoft Visual Studio Solution File, Format Version 12.00
# Visual Studio Version 17
VisualStudioVersion = 17.3.32825.248
MinimumVisualStudioVersion = 10.0.40219.1
Project("{FAE04EC0-301F-11D3-BF4B-00C04F79EFBC}") = "MemoryGame_L02", "MemoryGame_L02\MemoryGame_L02.csproj", "{38E65175-324F-4470-9709-E18BAC214637}"
EndProject
Global
	GlobalSection(SolutionConfigurationPlatforms) = preSolution
		Debug|Any CPU = Debug|Any CPU
		Release|Any CPU = Release|Any CPU
	EndGlobalSection
	GlobalSection(ProjectConfigurationPlatforms) = postSolution
		{38E65175-324F-4470-9709-E18BAC214637}.Debug|Any CPU.ActiveCfg = Debug|Any CPU
		{38E65175-324F-4470-9709-E18BAC214637}.Debug|Any CPU.Build.0 = Debug|Any CPU
		{38E65175-324F-4470-9709-E18BAC214637}.Release|Any CPU.ActiveCfg = Release|Any CPU
		{38E65175-324F-4470-9709-E18BAC214637}.Release|Any CPU.Build.0 = Release|Any CPU
	EndGlobalSection
	GlobalSection(SolutionProperties) = preSolution
		HideSolutionNode = FALSE
	EndGlobalSection
	GlobalSection(ExtensibilityGlobals) = postSolution
		SolutionGuid = {C65DF926-01E9-4BA8-9A16-CEE7D79F2B30}
	EndGlobalSection
EndGlobal
